
Microsoft Visual Studio Solution File, Format Version 12.00
# Visual Studio Version 17
VisualStudioVersion = 17.14.36408.4 d17.14
MinimumVisualStudioVersion = 10.0.40219.1
Project("{FAE04EC0-301F-11D3-BF4B-00C04F79EFBC}") = "FIT", "FIT\FIT.csproj", "{570BDC02-31C7-414A-B0B9-3DB4F0648511}"
EndProject
Global
	GlobalSection(SolutionConfigurationPlatforms) = preSolution
		Debug|Any CPU = Debug|Any CPU
		Release|Any CPU = Release|Any CPU
	EndGlobalSection
	GlobalSection(ProjectConfigurationPlatforms) = postSolution
		{570BDC02-31C7-414A-B0B9-3DB4F0648511}.Debug|Any CPU.ActiveCfg = Debug|Any CPU
		{570BDC02-31C7-414A-B0B9-3DB4F0648511}.Debug|Any CPU.Build.0 = Debug|Any CPU
		{570BDC02-31C7-414A-B0B9-3DB4F0648511}.Release|Any CPU.ActiveCfg = Release|Any CPU
		{570BDC02-31C7-414A-B0B9-3DB4F0648511}.Release|Any CPU.Build.0 = Release|Any CPU
	EndGlobalSection
	GlobalSection(SolutionProperties) = preSolution
		HideSolutionNode = FALSE
	EndGlobalSection
	GlobalSection(ExtensibilityGlobals) = postSolution
		SolutionGuid = {35D0F060-CA2D-4B79-AB34-F3F5C0DF54C5}
	EndGlobalSection
EndGlobal
